github.com/mackerelio/go-osstat v0.2.2 h1:7jVyXGXTkQL3+6lDVUDBY+Fpo8VQPfyOkZeXxxsXX4c=
github.com/mackerelio/go-osstat v0.2.2/go.mod h1:G2A1f01HIHVRhMdS1qnigXxS6C8ahppy5lCwBrbRp0s=
golang.org/x/sys v0.0.0-20220319134239-a9b59b0215f8 h1:OH54vjqzRWmbJ62fjuhxy7AxFFgoHN0/DPc/UrL8cAs=
golang.org/x/sys v0.0.0-20220319134239-a9b59b0215f8/go.mod h1:oPkhp1MJrh7nUepCBck5+mAzfO9JrbApNNgaTdGDITg=
